
Microsoft Visual Studio Solution File, Format Version 12.00
# Visual Studio 14
VisualStudioVersion = 14.0.25420.1
MinimumVisualStudioVersion = 10.0.40219.1
Project("{FAE04EC0-301F-11D3-BF4B-00C04F79EFBC}") = "Autosys.Dashboard", "Autosys.Dashboard\Autosys.Dashboard.csproj", "{DCA7503C-61DD-49F2-B18C-A4B1C48B0441}"
EndProject
Global
	GlobalSection(SolutionConfigurationPlatforms) = preSolution
		Debug|Any CPU = Debug|Any CPU
		Release|Any CPU = Release|Any CPU
	EndGlobalSection
	GlobalSection(ProjectConfigurationPlatforms) = postSolution
		{DCA7503C-61DD-49F2-B18C-A4B1C48B0441}.Debug|Any CPU.ActiveCfg = Debug|Any CPU
		{DCA7503C-61DD-49F2-B18C-A4B1C48B0441}.Debug|Any CPU.Build.0 = Debug|Any CPU
		{DCA7503C-61DD-49F2-B18C-A4B1C48B0441}.Release|Any CPU.ActiveCfg = Release|Any CPU
		{DCA7503C-61DD-49F2-B18C-A4B1C48B0441}.Release|Any CPU.Build.0 = Release|Any CPU
	EndGlobalSection
	GlobalSection(SolutionProperties) = preSolution
		HideSolutionNode = FALSE
	EndGlobalSection
EndGlobal
